
Microsoft Visual Studio Solution File, Format Version 12.00
# Visual Studio Version 16
VisualStudioVersion = 16.0.30503.244
MinimumVisualStudioVersion = 10.0.40219.1
Project("{FAE04EC0-301F-11D3-BF4B-00C04F79EFBC}") = "TaxBot", "TaxBot.csproj", "{6023CB2E-B617-4DB4-9A72-802D8FD83616}"
EndProject
Global
	GlobalSection(SolutionConfigurationPlatforms) = preSolution
		Debug|Any CPU = Debug|Any CPU
		Release|Any CPU = Release|Any CPU
	EndGlobalSection
	GlobalSection(ProjectConfigurationPlatforms) = postSolution
		{6023CB2E-B617-4DB4-9A72-802D8FD83616}.Debug|Any CPU.ActiveCfg = Debug|Any CPU
		{6023CB2E-B617-4DB4-9A72-802D8FD83616}.Debug|Any CPU.Build.0 = Debug|Any CPU
		{6023CB2E-B617-4DB4-9A72-802D8FD83616}.Release|Any CPU.ActiveCfg = Release|Any CPU
		{6023CB2E-B617-4DB4-9A72-802D8FD83616}.Release|Any CPU.Build.0 = Release|Any CPU
	EndGlobalSection
	GlobalSection(SolutionProperties) = preSolution
		HideSolutionNode = FALSE
	EndGlobalSection
	GlobalSection(ExtensibilityGlobals) = postSolution
		SolutionGuid = {1C7EE74C-0BFB-4111-8D18-29BC7C355A4C}
	EndGlobalSection
EndGlobal
